# THIS IS AN AUTOGENERATED FILE. DO NOT EDIT THIS FILE DIRECTLY.
# yarn lockfile v1


async@^2.0.1:
  version "2.6.1"
  resolved "https://registry.yarnpkg.com/async/-/async-2.6.1.tgz#b245a23ca71930044ec53fa46aa00a3e87c6a610"
  integrity sha512-fNEiL2+AZt6AlAw/29Cr0UDe4sRAHCpEHh54WMz+Bb7QfNcFw4h3loofyJpLeQs4Yx7yuqu/2dLgM5hKOs6HlQ==
  dependencies:
    lodash "^4.17.10"

core-util-is@~1.0.0:
  version "1.0.2"
  resolved "https://registry.yarnpkg.com/core-util-is/-/core-util-is-1.0.2.tgz#b5fd54220aa2bc5ab57aab7140c940754503c1a7"
  integrity sha1-tf1UIgqivFq1eqtxQMlAdUUDwac=

eth-json-rpc-errors@^2.0.1:
  version "2.0.2"
  resolved "https://registry.yarnpkg.com/eth-json-rpc-errors/-/eth-json-rpc-errors-2.0.2.tgz#c1965de0301fe941c058e928bebaba2e1285e3c4"
  integrity sha512-uBCRM2w2ewusRHGxN8JhcuOb2RN3ueAOYH/0BhqdFmQkZx5lj5+fLKTz0mIVOzd4FG5/kUksCzCD7eTEim6gaA==
  dependencies:
    fast-safe-stringify "^2.0.6"

events@^3.0.0:
  version "3.0.0"
  resolved "https://registry.yarnpkg.com/events/-/events-3.0.0.tgz#9a0a0dfaf62893d92b875b8f2698ca4114973e88"
  integrity sha512-Dc381HFWJzEOhQ+d8pkNon++bk9h6cdAoAj4iE6Q4y6xgTzySWXlKn05/TVNpjnfRqi/X0EpJEJohPjNI3zpVA==

fast-safe-stringify@^2.0.6:
  version "2.0.7"
  resolved "https://registry.yarnpkg.com/fast-safe-stringify/-/fast-safe-stringify-2.0.7.tgz#124aa885899261f68aedb42a7c080de9da608743"
  integrity sha512-Utm6CdzT+6xsDk2m8S6uL8VHxNwI6Jub+e9NYTcAms28T84pTa25GJQV9j0CY0N1rM8hK4x6grpF2BQf+2qwVA==

inherits@~2.0.3:
  version "2.0.3"
  resolved "https://registry.yarnpkg.com/inherits/-/inherits-2.0.3.tgz#633c2c83e3da42a502f52466022480f4208261de"
  integrity sha1-Yzwsg+PaQqUC9SRmAiSA9CCCYd4=

is-fn@^1.0.0:
  version "1.0.0"
  resolved "https://registry.yarnpkg.com/is-fn/-/is-fn-1.0.0.tgz#9543d5de7bcf5b08a22ec8a20bae6e286d510d8c"
  integrity sha1-lUPV3nvPWwiiLsiiC65uKG1RDYw=

isarray@~1.0.0:
  version "1.0.0"
  resolved "https://registry.yarnpkg.com/isarray/-/isarray-1.0.0.tgz#bb935d48582cba168c06834957a54a3e07124f11"
  integrity sha1-u5NdSFgsuhaMBoNJV6VKPgcSTxE=

json-rpc-engine@^5.1.8:
  version "5.1.8"
  resolved "https://registry.yarnpkg.com/json-rpc-engine/-/json-rpc-engine-5.1.8.tgz#5ba0147ce571899bbaa7133ffbc05317c34a3c7f"
  integrity sha512-vTBSDEPJV1fPAsbm2g5sEuPjsgLdiab2f1CTn2PyRr8nxggUpA996PDlNQDsM0gnrA99F8KIBLq2nIKrOFl1Mg==
  dependencies:
    async "^2.0.1"
    eth-json-rpc-errors "^2.0.1"
    promise-to-callback "^1.0.0"
    safe-event-emitter "^1.0.1"

lodash@^4.17.10:
  version "4.17.15"
  resolved "https://registry.yarnpkg.com/lodash/-/lodash-4.17.15.tgz#b447f6670a0455bbfeedd11392eff330ea097548"
  integrity sha512-8xOcRHvCjnocdS5cpwXQXVzmmh5e5+saE2QGoeQmbKmRS6J3VQppPOIt0MnmE+4xlZoumy0GPG0D0MVIQbNA1A==

process-nextick-args@~2.0.0:
  version "2.0.0"
  resolved "https://registry.yarnpkg.com/process-nextick-args/-/process-nextick-args-2.0.0.tgz#a37d732f4271b4ab1ad070d35508e8290788ffaa"
  integrity sha512-MtEC1TqN0EU5nephaJ4rAtThHtC86dNN9qCuEhtshvpVBkAW5ZO7BASN9REnF9eoXGcRub+pFuKEpOHE+HbEMw==

promise-to-callback@^1.0.0:
  version "1.0.0"
  resolved "https://registry.yarnpkg.com/promise-to-callback/-/promise-to-callback-1.0.0.tgz#5d2a749010bfb67d963598fcd3960746a68feef7"
  integrity sha1-XSp0kBC/tn2WNZj805YHRqaP7vc=
  dependencies:
    is-fn "^1.0.0"
    set-immediate-shim "^1.0.1"

readable-stream@^2.3.3:
  version "2.3.6"
  resolved "https://registry.yarnpkg.com/readable-stream/-/readable-stream-2.3.6.tgz#b11c27d88b8ff1fbe070643cf94b0c79ae1b0aaf"
  integrity sha512-tQtKA9WIAhBF3+VLAseyMqZeBjW0AHJoxOtYqSUZNJxauErmLbVm2FW1y+J/YA9dUrAC39ITejlZWhVIwawkKw==
  dependencies:
    core-util-is "~1.0.0"
    inherits "~2.0.3"
    isarray "~1.0.0"
    process-nextick-args "~2.0.0"
    safe-buffer "~5.1.1"
    string_decoder "~1.1.1"
    util-deprecate "~1.0.1"

safe-buffer@~5.1.0, safe-buffer@~5.1.1:
  version "5.1.2"
  resolved "https://registry.yarnpkg.com/safe-buffer/-/safe-buffer-5.1.2.tgz#991ec69d296e0313747d59bdfd2b745c35f8828d"
  integrity sha512-Gd2UZBJDkXlY7GbJxfsE8/nvKkUEU1G38c1siN6QP6a9PT9MmHB8GnpscSmMJSoF8LOIrt8ud/wPtojys4G6+g==

safe-event-emitter@^1.0.1:
  version "1.0.1"
  resolved "https://registry.yarnpkg.com/safe-event-emitter/-/safe-event-emitter-1.0.1.tgz#5b692ef22329ed8f69fdce607e50ca734f6f20af"
  integrity sha512-e1wFe99A91XYYxoQbcq2ZJUWurxEyP8vfz7A7vuUe1s95q8r5ebraVaA1BukYJcpM6V16ugWoD9vngi8Ccu5fg==
  dependencies:
    events "^3.0.0"

set-immediate-shim@^1.0.1:
  version "1.0.1"
  resolved "https://registry.yarnpkg.com/set-immediate-shim/-/set-immediate-shim-1.0.1.tgz#4b2b1b27eb808a9f8dcc481a58e5e56f599f3f61"
  integrity sha1-SysbJ+uAip+NzEgaWOXlb1mfP2E=

string_decoder@~1.1.1:
  version "1.1.1"
  resolved "https://registry.yarnpkg.com/string_decoder/-/string_decoder-1.1.1.tgz#9cf1611ba62685d7030ae9e4ba34149c3af03fc8"
  integrity sha512-n/ShnvDi6FHbbVfviro+WojiFzv+s8MPMHBczVePfUpDJLwoLT0ht1l4YwBCbi8pJAveEEdnkHyPyTP/mzRfwg==
  dependencies:
    safe-buffer "~5.1.0"

util-deprecate@~1.0.1:
  version "1.0.2"
  resolved "https://registry.yarnpkg.com/util-deprecate/-/util-deprecate-1.0.2.tgz#450d4dc9fa70de732762fbd2d4a28981419a0ccf"
  integrity sha1-RQ1Nyfpw3nMnYvvS1KKJgUGaDM8=
